// !$*UTF8*$!
{
	archiveVersion = 1;
	classes = {
	};
	objectVersion = 50;
	objects = {

/* Begin PBXBuildFile section */
		D3245E1026D2B22300728CCA /* AppDelegate.swift in Sources */ = {isa = PBXBuildFile; fileRef = D3245E0F26D2B22300728CCA /* AppDelegate.swift */; };
		D3245E1226D2B22300728CCA /* SceneDelegate.swift in Sources */ = {isa = PBXBuildFile; fileRef = D3245E1126D2B22300728CCA /* SceneDelegate.swift */; };
		D3245E1426D2B22300728CCA /* ViewController.swift in Sources */ = {isa = PBXBuildFile; fileRef = D3245E1326D2B22300728CCA /* ViewController.swift */; };
		D3245E1726D2B22300728CCA /* Main.storyboard in Resources */ = {isa = PBXBuildFile; fileRef = D3245E1526D2B22300728CCA /* Main.storyboard */; };
		D3245E1A26D2B22300728CCA /* Desafio_Segues.xcdatamodeld in Sources */ = {isa = PBXBuildFile; fileRef = D3245E1826D2B22300728CCA /* Desafio_Segues.xcdatamodeld */; };
		D3245E1C26D2B22500728CCA /* Assets.xcassets in Resources */ = {isa = PBXBuildFile; fileRef = D3245E1B26D2B22500728CCA /* Assets.xcassets */; };
		D3245E1F26D2B22500728CCA /* LaunchScreen.storyboard in Resources */ = {isa = PBXBuildFile; fileRef = D3245E1D26D2B22500728CCA /* LaunchScreen.storyboard */; };
		D3245E2A26D2B22500728CCA /* Desafio_SeguesTests.swift in Sources */ = {isa = PBXBuildFile; fileRef = D3245E2926D2B22500728CCA /* Desafio_SeguesTests.swift */; };
		D3245E3526D2B22500728CCA /* Desafio_SeguesUITests.swift in Sources */ = {isa = PBXBuildFile; fileRef = D3245E3426D2B22500728CCA /* Desafio_SeguesUITests.swift */; };
/* End PBXBuildFile section */

/* Begin PBXContainerItemProxy section */
		D3245E2626D2B22500728CCA /* PBXContainerItemProxy */ = {
			isa = PBXContainerItemProxy;
			containerPortal = D3245E0426D2B22300728CCA /* Project object */;
			proxyType = 1;
			remoteGlobalIDString = D3245E0B26D2B22300728CCA;
			remoteInfo = "Desafio Segues";
		};
		D3245E3126D2B22500728CCA /* PBXContainerItemProxy */ = {
			isa = PBXContainerItemProxy;
			containerPortal = D3245E0426D2B22300728CCA /* Project object */;
			proxyType = 1;
			remoteGlobalIDString = D3245E0B26D2B22300728CCA;
			remoteInfo = "Desafio Segues";
		};
/* End PBXContainerItemProxy section */

/* Begin PBXFileReference section */
		D3245E0C26D2B22300728CCA /* Desafio Segues.app */ = {isa = PBXFileReference; explicitFileType = wrapper.application; includeInIndex = 0; path = "Desafio Segues.app"; sourceTree = BUILT_PRODUCTS_DIR; };
		D3245E0F26D2B22300728CCA /* AppDelegate.swift */ = {isa = PBXFileReference; lastKnownFileType = sourcecode.swift; path = AppDelegate.swift; sourceTree = "<group>"; };
		D3245E1126D2B22300728CCA /* SceneDelegate.swift */ = {isa = PBXFileReference; lastKnownFileType = sourcecode.swift; path = SceneDelegate.swift; sourceTree = "<group>"; };
		D3245E1326D2B22300728CCA /* ViewController.swift */ = {isa = PBXFileReference; lastKnownFileType = sourcecode.swift; path = ViewController.swift; sourceTree = "<group>"; };
		D3245E1626D2B22300728CCA /* Base */ = {isa = PBXFileReference; lastKnownFileType = file.storyboard; name = Base; path = Base.lproj/Main.storyboard; sourceTree = "<group>"; };
		D3245E1926D2B22300728CCA /* Desafio_Segues.xcdatamodel */ = {isa = PBXFileReference; lastKnownFileType = wrapper.xcdatamodel; path = Desafio_Segues.xcdatamodel; sourceTree = "<group>"; };
		D3245E1B26D2B22500728CCA /* Assets.xcassets */ = {isa = PBXFileReference; lastKnownFileType = folder.assetcatalog; path = Assets.xcassets; sourceTree = "<group>"; };
		D3245E1E26D2B22500728CCA /* Base */ = {isa = PBXFileReference; lastKnownFileType = file.storyboard; name = Base; path = Base.lproj/LaunchScreen.storyboard; sourceTree = "<group>"; };
		D3245E2026D2B22500728CCA /* Info.plist */ = {isa = PBXFileReference; lastKnownFileType = text.plist.xml; path = Info.plist; sourceTree = "<group>"; };
		D3245E2526D2B22500728CCA /* Desafio SeguesTests.xctest */ = {isa = PBXFileReference; explicitFileType = wrapper.cfbundle; includeInIndex = 0; path = "Desafio SeguesTests.xctest"; sourceTree = BUILT_PRODUCTS_DIR; };
		D3245E2926D2B22500728CCA /* Desafio_SeguesTests.swift */ = {isa = PBXFileReference; lastKnownFileType = sourcecode.swift; path = Desafio_SeguesTests.swift; sourceTree = "<group>"; };
		D3245E2B26D2B22500728CCA /* Info.plist */ = {isa = PBXFileReference; lastKnownFileType = text.plist.xml; path = Info.plist; sourceTree = "<group>"; };
		D3245E3026D2B22500728CCA /* Desafio SeguesUITests.xctest */ = {isa = PBXFileReference; explicitFileType = wrapper.cfbundle; includeInIndex = 0; path = "Desafio SeguesUITests.xctest"; sourceTree = BUILT_PRODUCTS_DIR; };
		D3245E3426D2B22500728CCA /* Desafio_SeguesUITests.swift */ = {isa = PBXFileReference; lastKnownFileType = sourcecode.swift; path = Desafio_SeguesUITests.swift; sourceTree = "<group>"; };
		D3245E3626D2B22500728CCA /* Info.plist */ = {isa = PBXFileReference; lastKnownFileType = text.plist.xml; path = Info.plist; sourceTree = "<group>"; };
/* End PBXFileReference section */

/* Begin PBXFrameworksBuildPhase section */
		D3245E0926D2B22300728CCA /* Frameworks */ = {
			isa = PBXFrameworksBuildPhase;
			buildActionMask = 2147483647;
			files = (
			);
			runOnlyForDeploymentPostprocessing = 0;
		};
		D3245E2226D2B22500728CCA /* Frameworks */ = {
			isa = PBXFrameworksBuildPhase;
			buildActionMask = 2147483647;
			files = (
			);
			runOnlyForDeploymentPostprocessing = 0;
		};
		D3245E2D26D2B22500728CCA /* Frameworks */ = {
			isa = PBXFrameworksBuildPhase;
			buildActionMask = 2147483647;
			files = (
			);
			runOnlyForDeploymentPostprocessing = 0;
		};
/* End PBXFrameworksBuildPhase section */

/* Begin PBXGroup section */
		D3245E0326D2B22300728CCA = {
			isa = PBXGroup;
			children = (
				D3245E0E26D2B22300728CCA /* Desafio Segues */,
				D3245E2826D2B22500728CCA /* Desafio SeguesTests */,
				D3245E3326D2B22500728CCA /* Desafio SeguesUITests */,
				D3245E0D26D2B22300728CCA /* Products */,
			);
			sourceTree = "<group>";
		};
		D3245E0D26D2B22300728CCA /* Products */ = {
			isa = PBXGroup;
			children = (
				D3245E0C26D2B22300728CCA /* Desafio Segues.app */,
				D3245E2526D2B22500728CCA /* Desafio SeguesTests.xctest */,
				D3245E3026D2B22500728CCA /* Desafio SeguesUITests.xctest */,
			);
			name = Products;
			sourceTree = "<group>";
		};
		D3245E0E26D2B22300728CCA /* Desafio Segues */ = {
			isa = PBXGroup;
			children = (
				D3245E0F26D2B22300728CCA /* AppDelegate.swift */,
				D3245E1126D2B22300728CCA /* SceneDelegate.swift */,
				D3245E1326D2B22300728CCA /* ViewController.swift */,
				D3245E1526D2B22300728CCA /* Main.storyboard */,
				D3245E1B26D2B22500728CCA /* Assets.xcassets */,
				D3245E1D26D2B22500728CCA /* LaunchScreen.storyboard */,
				D3245E2026D2B22500728CCA /* Info.plist */,
				D3245E1826D2B22300728CCA /* Desafio_Segues.xcdatamodeld */,
			);
			path = "Desafio Segues";
			sourceTree = "<group>";
		};
		D3245E2826D2B22500728CCA /* Desafio SeguesTests */ = {
			isa = PBXGroup;
			children = (
				D3245E2926D2B22500728CCA /* Desafio_SeguesTests.swift */,
				D3245E2B26D2B22500728CCA /* Info.plist */,
			);
			path = "Desafio SeguesTests";
			sourceTree = "<group>";
		};
		D3245E3326D2B22500728CCA /* Desafio SeguesUITests */ = {
			isa = PBXGroup;
			children = (
				D3245E3426D2B22500728CCA /* Desafio_SeguesUITests.swift */,
				D3245E3626D2B22500728CCA /* Info.plist */,
			);
			path = "Desafio SeguesUITests";
			sourceTree = "<group>";
		};
/* End PBXGroup section */

/* Begin PBXNativeTarget section */
		D3245E0B26D2B22300728CCA /* Desafio Segues */ = {
			isa = PBXNativeTarget;
			buildConfigurationList = D3245E3926D2B22500728CCA /* Build configuration list for PBXNativeTarget "Desafio Segues" */;
			buildPhases = (
				D3245E0826D2B22300728CCA /* Sources */,
				D3245E0926D2B22300728CCA /* Frameworks */,
				D3245E0A26D2B22300728CCA /* Resources */,
			);
			buildRules = (
			);
			dependencies = (
			);
			name = "Desafio Segues";
			productName = "Desafio Segues";
			productReference = D3245E0C26D2B22300728CCA /* Desafio Segues.app */;
			productType = "com.apple.product-type.application";
		};
		D3245E2426D2B22500728CCA /* Desafio SeguesTests */ = {
			isa = PBXNativeTarget;
			buildConfigurationList = D3245E3C26D2B22500728CCA /* Build configuration list for PBXNativeTarget "Desafio SeguesTests" */;
			buildPhases = (
				D3245E2126D2B22500728CCA /* Sources */,
				D3245E2226D2B22500728CCA /* Frameworks */,
				D3245E2326D2B22500728CCA /* Resources */,
			);
			buildRules = (
			);
			dependencies = (
				D3245E2726D2B22500728CCA /* PBXTargetDependency */,
			);
			name = "Desafio SeguesTests";
			productName = "Desafio SeguesTests";
			productReference = D3245E2526D2B22500728CCA /* Desafio SeguesTests.xctest */;
			productType = "com.apple.product-type.bundle.unit-test";
		};
		D3245E2F26D2B22500728CCA /* Desafio SeguesUITests */ = {
			isa = PBXNativeTarget;
			buildConfigurationList = D3245E3F26D2B22500728CCA /* Build configuration list for PBXNativeTarget "Desafio SeguesUITests" */;
			buildPhases = (
				D3245E2C26D2B22500728CCA /* Sources */,
				D3245E2D26D2B22500728CCA /* Frameworks */,
				D3245E2E26D2B22500728CCA /* Resources */,
			);
			buildRules = (
			);
			dependencies = (
				D3245E3226D2B22500728CCA /* PBXTargetDependency */,
			);
			name = "Desafio SeguesUITests";
			productName = "Desafio SeguesUITests";
			productReference = D3245E3026D2B22500728CCA /* Desafio SeguesUITests.xctest */;
			productType = "com.apple.product-type.bundle.ui-testing";
		};
/* End PBXNativeTarget section */

/* Begin PBXProject section */
		D3245E0426D2B22300728CCA /* Project object */ = {
			isa = PBXProject;
			attributes = {
				LastSwiftUpdateCheck = 1250;
				LastUpgradeCheck = 1250;
				TargetAttributes = {
					D3245E0B26D2B22300728CCA = {
						CreatedOnToolsVersion = 12.5.1;
					};
					D3245E2426D2B22500728CCA = {
						CreatedOnToolsVersion = 12.5.1;
						TestTargetID = D3245E0B26D2B22300728CCA;
					};
					D3245E2F26D2B22500728CCA = {
						CreatedOnToolsVersion = 12.5.1;
						TestTargetID = D3245E0B26D2B22300728CCA;
					};
				};
			};
			buildConfigurationList = D3245E0726D2B22300728CCA /* Build configuration list for PBXProject "Desafio Segues" */;
			compatibilityVersion = "Xcode 9.3";
			developmentRegion = en;
			hasScannedForEncodings = 0;
			knownRegions = (
				en,
				Base,
			);
			mainGroup = D3245E0326D2B22300728CCA;
			productRefGroup = D3245E0D26D2B22300728CCA /* Products */;
			projectDirPath = "";
			projectRoot = "";
			targets = (
				D3245E0B26D2B22300728CCA /* Desafio Segues */,
				D3245E2426D2B22500728CCA /* Desafio SeguesTests */,
				D3245E2F26D2B22500728CCA /* Desafio SeguesUITests */,
			);
		};
/* End PBXProject section */

/* Begin PBXResourcesBuildPhase section */
		D3245E0A26D2B22300728CCA /* Resources */ = {
			isa = PBXResourcesBuildPhase;
			buildActionMask = 2147483647;
			files = (
				D3245E1F26D2B22500728CCA /* LaunchScreen.storyboard in Resources */,
				D3245E1C26D2B22500728CCA /* Assets.xcassets in Resources */,
				D3245E1726D2B22300728CCA /* Main.storyboard in Resources */,
			);
			runOnlyForDeploymentPostprocessing = 0;
		};
		D3245E2326D2B22500728CCA /* Resources */ = {
			isa = PBXResourcesBuildPhase;
			buildActionMask = 2147483647;
			files = (
			);
			runOnlyForDeploymentPostprocessing = 0;
		};
		D3245E2E26D2B22500728CCA /* Resources */ = {
			isa = PBXResourcesBuildPhase;
			buildActionMask = 2147483647;
			files = (
			);
			runOnlyForDeploymentPostprocessing = 0;
		};
/* End PBXResourcesBuildPhase section */

/* Begin PBXSourcesBuildPhase section */
		D3245E0826D2B22300728CCA /* Sources */ = {
			isa = PBXSourcesBuildPhase;
			buildActionMask = 2147483647;
			files = (
				D3245E1426D2B22300728CCA /* ViewController.swift in Sources */,
				D3245E1A26D2B22300728CCA /* Desafio_Segues.xcdatamodeld in Sources */,
				D3245E1026D2B22300728CCA /* AppDelegate.swift in Sources */,
				D3245E1226D2B22300728CCA /* SceneDelegate.swift in Sources */,
			);
			runOnlyForDeploymentPostprocessing = 0;
		};
		D3245E2126D2B22500728CCA /* Sources */ = {
			isa = PBXSourcesBuildPhase;
			buildActionMask = 2147483647;
			files = (
				D3245E2A26D2B22500728CCA /* Desafio_SeguesTests.swift in Sources */,
			);
			runOnlyForDeploymentPostprocessing = 0;
		};
		D3245E2C26D2B22500728CCA /* Sources */ = {
			isa = PBXSourcesBuildPhase;
			buildActionMask = 2147483647;
			files = (
				D3245E3526D2B22500728CCA /* Desafio_SeguesUITests.swift in Sources */,
			);
			runOnlyForDeploymentPostprocessing = 0;
		};
/* End PBXSourcesBuildPhase section */

/* Begin PBXTargetDependency section */
		D3245E2726D2B22500728CCA /* PBXTargetDependency */ = {
			isa = PBXTargetDependency;
			target = D3245E0B26D2B22300728CCA /* Desafio Segues */;
			targetProxy = D3245E2626D2B22500728CCA /* PBXContainerItemProxy */;
		};
		D3245E3226D2B22500728CCA /* PBXTargetDependency */ = {
			isa = PBXTargetDependency;
			target = D3245E0B26D2B22300728CCA /* Desafio Segues */;
			targetProxy = D3245E3126D2B22500728CCA /* PBXContainerItemProxy */;
		};
/* End PBXTargetDependency section */

/* Begin PBXVariantGroup section */
		D3245E1526D2B22300728CCA /* Main.storyboard */ = {
			isa = PBXVariantGroup;
			children = (
				D3245E1626D2B22300728CCA /* Base */,
			);
			name = Main.storyboard;
			sourceTree = "<group>";
		};
		D3245E1D26D2B22500728CCA /* LaunchScreen.storyboard */ = {
			isa = PBXVariantGroup;
			children = (
				D3245E1E26D2B22500728CCA /* Base */,
			);
			name = LaunchScreen.storyboard;
			sourceTree = "<group>";
		};
/* End PBXVariantGroup section */

/* Begin XCBuildConfiguration section */
		D3245E3726D2B22500728CCA /* Debug */ = {
			isa = XCBuildConfiguration;
			buildSettings = {
				ALWAYS_SEARCH_USER_PATHS = NO;
				CLANG_ANALYZER_NONNULL = YES;
				CLANG_ANALYZER_NUMBER_OBJECT_CONVERSION = YES_AGGRESSIVE;
				CLANG_CXX_LANGUAGE_STANDARD = "gnu++14";
				CLANG_CXX_LIBRARY = "libc++";
				CLANG_ENABLE_MODULES = YES;
				CLANG_ENABLE_OBJC_ARC = YES;
				CLANG_ENABLE_OBJC_WEAK = YES;
				CLANG_WARN_BLOCK_CAPTURE_AUTORELEASING = YES;
				CLANG_WARN_BOOL_CONVERSION = YES;
				CLANG_WARN_COMMA = YES;
				CLANG_WARN_CONSTANT_CONVERSION = YES;
				CLANG_WARN_DEPRECATED_OBJC_IMPLEMENTATIONS = YES;
				CLANG_WARN_DIRECT_OBJC_ISA_USAGE = YES_ERROR;
				CLANG_WARN_DOCUMENTATION_COMMENTS = YES;
				CLANG_WARN_EMPTY_BODY = YES;
				CLANG_WARN_ENUM_CONVERSION = YES;
				CLANG_WARN_INFINITE_RECURSION = YES;
				CLANG_WARN_INT_CONVERSION = YES;
				CLANG_WARN_NON_LITERAL_NULL_CONVERSION = YES;
				CLANG_WARN_OBJC_IMPLICIT_RETAIN_SELF = YES;
				CLANG_WARN_OBJC_LITERAL_CONVERSION = YES;
				CLANG_WARN_OBJC_ROOT_CLASS = YES_ERROR;
				CLANG_WARN_QUOTED_INCLUDE_IN_FRAMEWORK_HEADER = YES;
				CLANG_WARN_RANGE_LOOP_ANALYSIS = YES;
				CLANG_WARN_STRICT_PROTOTYPES = YES;
				CLANG_WARN_SUSPICIOUS_MOVE = YES;
				CLANG_WARN_UNGUARDED_AVAILABILITY = YES_AGGRESSIVE;
				CLANG_WARN_UNREACHABLE_CODE = YES;
				CLANG_WARN__DUPLICATE_METHOD_MATCH = YES;
				COPY_PHASE_STRIP = NO;
				DEBUG_INFORMATION_FORMAT = dwarf;
				ENABLE_STRICT_OBJC_MSGSEND = YES;
				ENABLE_TESTABILITY = YES;
				GCC_C_LANGUAGE_STANDARD = gnu11;
				GCC_DYNAMIC_NO_PIC = NO;
				GCC_NO_COMMON_BLOCKS = YES;
				GCC_OPTIMIZATION_LEVEL = 0;
				GCC_PREPROCESSOR_DEFINITIONS = (
					"DEBUG=1",
					"$(inherited)",
				);
				GCC_WARN_64_TO_32_BIT_CONVERSION = YES;
				GCC_WARN_ABOUT_RETURN_TYPE = YES_ERROR;
				GCC_WARN_UNDECLARED_SELECTOR = YES;
				GCC_WARN_UNINITIALIZED_AUTOS = YES_AGGRESSIVE;
				GCC_WARN_UNUSED_FUNCTION = YES;
				GCC_WARN_UNUSED_VARIABLE = YES;
				IPHONEOS_DEPLOYMENT_TARGET = 14.5;
				MTL_ENABLE_DEBUG_INFO = INCLUDE_SOURCE;
				MTL_FAST_MATH = YES;
				ONLY_ACTIVE_ARCH = YES;
				SDKROOT = iphoneos;
				SWIFT_ACTIVE_COMPILATION_CONDITIONS = DEBUG;
				SWIFT_OPTIMIZATION_LEVEL = "-Onone";
			};
			name = Debug;
		};
		D3245E3826D2B22500728CCA /* Release */ = {
			isa = XCBuildConfiguration;
			buildSettings = {
				ALWAYS_SEARCH_USER_PATHS = NO;
				CLANG_ANALYZER_NONNULL = YES;
				CLANG_ANALYZER_NUMBER_OBJECT_CONVERSION = YES_AGGRESSIVE;
				CLANG_CXX_LANGUAGE_STANDARD = "gnu++14";
				CLANG_CXX_LIBRARY = "libc++";
				CLANG_ENABLE_MODULES = YES;
				CLANG_ENABLE_OBJC_ARC = YES;
				CLANG_ENABLE_OBJC_WEAK = YES;
				CLANG_WARN_BLOCK_CAPTURE_AUTORELEASING = YES;
				CLANG_WARN_BOOL_CONVERSION = YES;
				CLANG_WARN_COMMA = YES;
				CLANG_WARN_CONSTANT_CONVERSION = YES;
				CLANG_WARN_DEPRECATED_OBJC_IMPLEMENTATIONS = YES;
				CLANG_WARN_DIRECT_OBJC_ISA_USAGE = YES_ERROR;
				CLANG_WARN_DOCUMENTATION_COMMENTS = YES;
				CLANG_WARN_EMPTY_BODY = YES;
				CLANG_WARN_ENUM_CONVERSION = YES;
				CLANG_WARN_INFINITE_RECURSION = YES;
				CLANG_WARN_INT_CONVERSION = YES;
				CLANG_WARN_NON_LITERAL_NULL_CONVERSION = YES;
				CLANG_WARN_OBJC_IMPLICIT_RETAIN_SELF = YES;
				CLANG_WARN_OBJC_LITERAL_CONVERSION = YES;
				CLANG_WARN_OBJC_ROOT_CLASS = YES_ERROR;
				CLANG_WARN_QUOTED_INCLUDE_IN_FRAMEWORK_HEADER = YES;
				CLANG_WARN_RANGE_LOOP_ANALYSIS = YES;
				CLANG_WARN_STRICT_PROTOTYPES = YES;
				CLANG_WARN_SUSPICIOUS_MOVE = YES;
				CLANG_WARN_UNGUARDED_AVAILABILITY = YES_AGGRESSIVE;
				CLANG_WARN_UNREACHABLE_CODE = YES;
				CLANG_WARN__DUPLICATE_METHOD_MATCH = YES;
				COPY_PHASE_STRIP = NO;
				DEBUG_INFORMATION_FORMAT = "dwarf-with-dsym";
				ENABLE_NS_ASSERTIONS = NO;
				ENABLE_STRICT_OBJC_MSGSEND = YES;
				GCC_C_LANGUAGE_STANDARD = gnu11;
				GCC_NO_COMMON_BLOCKS = YES;
				GCC_WARN_64_TO_32_BIT_CONVERSION = YES;
				GCC_WARN_ABOUT_RETURN_TYPE = YES_ERROR;
				GCC_WARN_UNDECLARED_SELECTOR = YES;
				GCC_WARN_UNINITIALIZED_AUTOS = YES_AGGRESSIVE;
				GCC_WARN_UNUSED_FUNCTION = YES;
				GCC_WARN_UNUSED_VARIABLE = YES;
				IPHONEOS_DEPLOYMENT_TARGET = 14.5;
				MTL_ENABLE_DEBUG_INFO = NO;
				MTL_FAST_MATH = YES;
				SDKROOT = iphoneos;
				SWIFT_COMPILATION_MODE = wholemodule;
				SWIFT_OPTIMIZATION_LEVEL = "-O";
				VALIDATE_PRODUCT = YES;
			};
			name = Release;
		};
		D3245E3A26D2B22500728CCA /* Debug */ = {
			isa = XCBuildConfiguration;
			buildSettings = {
				ASSETCATALOG_COMPILER_APPICON_NAME = AppIcon;
				ASSETCATALOG_COMPILER_GLOBAL_ACCENT_COLOR_NAME = AccentColor;
				CODE_SIGN_STYLE = Automatic;
				DEVELOPMENT_TEAM = LWABM5NUJY;
				INFOPLIST_FILE = "Desafio Segues/Info.plist";
				LD_RUNPATH_SEARCH_PATHS = (
					"$(inherited)",
					"@executable_path/Frameworks",
				);
				PRODUCT_BUNDLE_IDENTIFIER = "br.com.lincesapp.Desafio-Segues";
				PRODUCT_NAME = "$(TARGET_NAME)";
				SWIFT_VERSION = 5.0;
				TARGETED_DEVICE_FAMILY = "1,2";
			};
			name = Debug;
		};
		D3245E3B26D2B22500728CCA /* Release */ = {
			isa = XCBuildConfiguration;
			buildSettings = {
				ASSETCATALOG_COMPILER_APPICON_NAME = AppIcon;
				ASSETCATALOG_COMPILER_GLOBAL_ACCENT_COLOR_NAME = AccentColor;
				CODE_SIGN_STYLE = Automatic;
				DEVELOPMENT_TEAM = LWABM5NUJY;
				INFOPLIST_FILE = "Desafio Segues/Info.plist";
				LD_RUNPATH_SEARCH_PATHS = (
					"$(inherited)",
					"@executable_path/Frameworks",
				);
				PRODUCT_BUNDLE_IDENTIFIER = "br.com.lincesapp.Desafio-Segues";
				PRODUCT_NAME = "$(TARGET_NAME)";
				SWIFT_VERSION = 5.0;
				TARGETED_DEVICE_FAMILY = "1,2";
			};
			name = Release;
		};
		D3245E3D26D2B22500728CCA /* Debug */ = {
			isa = XCBuildConfiguration;
			buildSettings = {
				ALWAYS_EMBED_SWIFT_STANDARD_LIBRARIES = YES;
				BUNDLE_LOADER = "$(TEST_HOST)";
				CODE_SIGN_STYLE = Automatic;
				DEVELOPMENT_TEAM = LWABM5NUJY;
				INFOPLIST_FILE = "Desafio SeguesTests/Info.plist";
				IPHONEOS_DEPLOYMENT_TARGET = 14.5;
				LD_RUNPATH_SEARCH_PATHS = (
					"$(inherited)",
					"@executable_path/Frameworks",
					"@loader_path/Frameworks",
				);
				PRODUCT_BUNDLE_IDENTIFIER = "br.com.lincesapp.Desafio-SeguesTests";
				PRODUCT_NAME = "$(TARGET_NAME)";
				SWIFT_VERSION = 5.0;
				TARGETED_DEVICE_FAMILY = "1,2";
				TEST_HOST = "$(BUILT_PRODUCTS_DIR)/Desafio Segues.app/Desafio Segues";
			};
			name = Debug;
		};
		D3245E3E26D2B22500728CCA /* Release */ = {
			isa = XCBuildConfiguration;
			buildSettings = {
				ALWAYS_EMBED_SWIFT_STANDARD_LIBRARIES = YES;
				BUNDLE_LOADER = "$(TEST_HOST)";
				CODE_SIGN_STYLE = Automatic;
				DEVELOPMENT_TEAM = LWABM5NUJY;
				INFOPLIST_FILE = "Desafio SeguesTests/Info.plist";
				IPHONEOS_DEPLOYMENT_TARGET = 14.5;
				LD_RUNPATH_SEARCH_PATHS = (
					"$(inherited)",
					"@executable_path/Frameworks",
					"@loader_path/Frameworks",
				);
				PRODUCT_BUNDLE_IDENTIFIER = "br.com.lincesapp.Desafio-SeguesTests";
				PRODUCT_NAME = "$(TARGET_NAME)";
				SWIFT_VERSION = 5.0;
				TARGETED_DEVICE_FAMILY = "1,2";
				TEST_HOST = "$(BUILT_PRODUCTS_DIR)/Desafio Segues.app/Desafio Segues";
			};
			name = Release;
		};
		D3245E4026D2B22500728CCA /* Debug */ = {
			isa = XCBuildConfiguration;
			buildSettings = {
				ALWAYS_EMBED_SWIFT_STANDARD_LIBRARIES = YES;
				CODE_SIGN_STYLE = Automatic;
				DEVELOPMENT_TEAM = LWABM5NUJY;
				INFOPLIST_FILE = "Desafio SeguesUITests/Info.plist";
				LD_RUNPATH_SEARCH_PATHS = (
					"$(inherited)",
					"@executable_path/Frameworks",
					"@loader_path/Frameworks",
				);
				PRODUCT_BUNDLE_IDENTIFIER = "br.com.lincesapp.Desafio-SeguesUITests";
				PRODUCT_NAME = "$(TARGET_NAME)";
				SWIFT_VERSION = 5.0;
				TARGETED_DEVICE_FAMILY = "1,2";
				TEST_TARGET_NAME = "Desafio Segues";
			};
			name = Debug;
		};
		D3245E4126D2B22500728CCA /* Release */ = {
			isa = XCBuildConfiguration;
			buildSettings = {
				ALWAYS_EMBED_SWIFT_STANDARD_LIBRARIES = YES;
				CODE_SIGN_STYLE = Automatic;
				DEVELOPMENT_TEAM = LWABM5NUJY;
				INFOPLIST_FILE = "Desafio SeguesUITests/Info.plist";
				LD_RUNPATH_SEARCH_PATHS = (
					"$(inherited)",
					"@executable_path/Frameworks",
					"@loader_path/Frameworks",
				);
				PRODUCT_BUNDLE_IDENTIFIER = "br.com.lincesapp.Desafio-SeguesUITests";
				PRODUCT_NAME = "$(TARGET_NAME)";
				SWIFT_VERSION = 5.0;
				TARGETED_DEVICE_FAMILY = "1,2";
				TEST_TARGET_NAME = "Desafio Segues";
			};
			name = Release;
		};
/* End XCBuildConfiguration section */

/* Begin XCConfigurationList section */
		D3245E0726D2B22300728CCA /* Build configuration list for PBXProject "Desafio Segues" */ = {
			isa = XCConfigurationList;
			buildConfigurations = (
				D3245E3726D2B22500728CCA /* Debug */,
				D3245E3826D2B22500728CCA /* Release */,
			);
			defaultConfigurationIsVisible = 0;
			defaultConfigurationName = Release;
		};
		D3245E3926D2B22500728CCA /* Build configuration list for PBXNativeTarget "Desafio Segues" */ = {
			isa = XCConfigurationList;
			buildConfigurations = (
				D3245E3A26D2B22500728CCA /* Debug */,
				D3245E3B26D2B22500728CCA /* Release */,
			);
			defaultConfigurationIsVisible = 0;
			defaultConfigurationName = Release;
		};
		D3245E3C26D2B22500728CCA /* Build configuration list for PBXNativeTarget "Desafio SeguesTests" */ = {
			isa = XCConfigurationList;
			buildConfigurations = (
				D3245E3D26D2B22500728CCA /* Debug */,
				D3245E3E26D2B22500728CCA /* Release */,
			);
			defaultConfigurationIsVisible = 0;
			defaultConfigurationName = Release;
		};
		D3245E3F26D2B22500728CCA /* Build configuration list for PBXNativeTarget "Desafio SeguesUITests" */ = {
			isa = XCConfigurationList;
			buildConfigurations = (
				D3245E4026D2B22500728CCA /* Debug */,
				D3245E4126D2B22500728CCA /* Release */,
			);
			defaultConfigurationIsVisible = 0;
			defaultConfigurationName = Release;
		};
/* End XCConfigurationList section */

/* Begin XCVersionGroup section */
		D3245E1826D2B22300728CCA /* Desafio_Segues.xcdatamodeld */ = {
			isa = XCVersionGroup;
			children = (
				D3245E1926D2B22300728CCA /* Desafio_Segues.xcdatamodel */,
			);
			currentVersion = D3245E1926D2B22300728CCA /* Desafio_Segues.xcdatamodel */;
			path = Desafio_Segues.xcdatamodeld;
			sourceTree = "<group>";
			versionGroupType = wrapper.xcdatamodel;
		};
/* End XCVersionGroup section */
	};
	rootObject = D3245E0426D2B22300728CCA /* Project object */;
}
